
Microsoft Visual Studio Solution File, Format Version 12.00
# Visual Studio Version 17
VisualStudioVersion = 17.0.32014.148
MinimumVisualStudioVersion = 10.0.40219.1
Project("{9A19103F-16F7-4668-BE54-9A1E7A4F7556}") = "Api", "GlobaltekAPI\Api.csproj", "{AF925FB4-DCCB-43D7-A770-005DDE05165C}"
EndProject
Project("{2150E333-8FDC-42A3-9474-1A3956D46DE8}") = "Source", "Source", "{FC19AF11-7850-4D56-9E1A-5BC4B774BF68}"
EndProject
Project("{2150E333-8FDC-42A3-9474-1A3956D46DE8}") = "Api", "Api", "{8DE97289-D6F2-4F05-8817-C5C7E1DFC1B3}"
EndProject
Project("{2150E333-8FDC-42A3-9474-1A3956D46DE8}") = "Core", "Core", "{1BEA94BE-11B7-484A-B3FC-C5E354835150}"
EndProject
Project("{2150E333-8FDC-42A3-9474-1A3956D46DE8}") = "Infrastructure", "Infrastructure", "{6CAE7FB6-BB8A-40A2-B289-67C5BEDDED50}"
EndProject
Project("{9A19103F-16F7-4668-BE54-9A1E7A4F7556}") = "Application", "Application\Application.csproj", "{B7D3336F-FD79-4F02-BFDF-93A396DE685A}"
EndProject
Project("{9A19103F-16F7-4668-BE54-9A1E7A4F7556}") = "Domain", "Domain\Domain.csproj", "{C53E37F5-B8F4-4E3A-A8D5-4257A0DC88AB}"
EndProject
Project("{9A19103F-16F7-4668-BE54-9A1E7A4F7556}") = "Utilities", "Utilities\Utilities.csproj", "{D9AAF350-8677-4A2D-801E-57D5B5856149}"
EndProject
Project("{9A19103F-16F7-4668-BE54-9A1E7A4F7556}") = "Infrastructure", "Infrastructure\Infrastructure.csproj", "{290B71AF-D9AC-45EB-92B9-0CD3FE41C176}"
EndProject
Project("{9A19103F-16F7-4668-BE54-9A1E7A4F7556}") = "Persistence", "Persistence\Persistence.csproj", "{8EC3DF2A-BE3F-4A82-89EE-8A17D3255876}"
EndProject
Project("{2150E333-8FDC-42A3-9474-1A3956D46DE8}") = "Test", "Test", "{EAD9AEAC-08E9-4626-8BA0-801F5A83B967}"
EndProject
Project("{9A19103F-16F7-4668-BE54-9A1E7A4F7556}") = "Test", "Test\Test.csproj", "{2967753F-8515-4153-B10A-123F71444B91}"
EndProject
Global
	GlobalSection(SolutionConfigurationPlatforms) = preSolution
		Debug|Any CPU = Debug|Any CPU
		Release|Any CPU = Release|Any CPU
	EndGlobalSection
	GlobalSection(ProjectConfigurationPlatforms) = postSolution
		{AF925FB4-DCCB-43D7-A770-005DDE05165C}.Debug|Any CPU.ActiveCfg = Debug|Any CPU
		{AF925FB4-DCCB-43D7-A770-005DDE05165C}.Debug|Any CPU.Build.0 = Debug|Any CPU
		{AF925FB4-DCCB-43D7-A770-005DDE05165C}.Release|Any CPU.ActiveCfg = Release|Any CPU
		{AF925FB4-DCCB-43D7-A770-005DDE05165C}.Release|Any CPU.Build.0 = Release|Any CPU
		{B7D3336F-FD79-4F02-BFDF-93A396DE685A}.Debug|Any CPU.ActiveCfg = Debug|Any CPU
		{B7D3336F-FD79-4F02-BFDF-93A396DE685A}.Debug|Any CPU.Build.0 = Debug|Any CPU
		{B7D3336F-FD79-4F02-BFDF-93A396DE685A}.Release|Any CPU.ActiveCfg = Release|Any CPU
		{B7D3336F-FD79-4F02-BFDF-93A396DE685A}.Release|Any CPU.Build.0 = Release|Any CPU
		{C53E37F5-B8F4-4E3A-A8D5-4257A0DC88AB}.Debug|Any CPU.ActiveCfg = Debug|Any CPU
		{C53E37F5-B8F4-4E3A-A8D5-4257A0DC88AB}.Debug|Any CPU.Build.0 = Debug|Any CPU
		{C53E37F5-B8F4-4E3A-A8D5-4257A0DC88AB}.Release|Any CPU.ActiveCfg = Release|Any CPU
		{C53E37F5-B8F4-4E3A-A8D5-4257A0DC88AB}.Release|Any CPU.Build.0 = Release|Any CPU
		{D9AAF350-8677-4A2D-801E-57D5B5856149}.Debug|Any CPU.ActiveCfg = Debug|Any CPU
		{D9AAF350-8677-4A2D-801E-57D5B5856149}.Debug|Any CPU.Build.0 = Debug|Any CPU
		{D9AAF350-8677-4A2D-801E-57D5B5856149}.Release|Any CPU.ActiveCfg = Release|Any CPU
		{D9AAF350-8677-4A2D-801E-57D5B5856149}.Release|Any CPU.Build.0 = Release|Any CPU
		{290B71AF-D9AC-45EB-92B9-0CD3FE41C176}.Debug|Any CPU.ActiveCfg = Debug|Any CPU
		{290B71AF-D9AC-45EB-92B9-0CD3FE41C176}.Debug|Any CPU.Build.0 = Debug|Any CPU
		{290B71AF-D9AC-45EB-92B9-0CD3FE41C176}.Release|Any CPU.ActiveCfg = Release|Any CPU
		{290B71AF-D9AC-45EB-92B9-0CD3FE41C176}.Release|Any CPU.Build.0 = Release|Any CPU
		{8EC3DF2A-BE3F-4A82-89EE-8A17D3255876}.Debug|Any CPU.ActiveCfg = Debug|Any CPU
		{8EC3DF2A-BE3F-4A82-89EE-8A17D3255876}.Debug|Any CPU.Build.0 = Debug|Any CPU
		{8EC3DF2A-BE3F-4A82-89EE-8A17D3255876}.Release|Any CPU.ActiveCfg = Release|Any CPU
		{8EC3DF2A-BE3F-4A82-89EE-8A17D3255876}.Release|Any CPU.Build.0 = Release|Any CPU
		{2967753F-8515-4153-B10A-123F71444B91}.Debug|Any CPU.ActiveCfg = Debug|Any CPU
		{2967753F-8515-4153-B10A-123F71444B91}.Debug|Any CPU.Build.0 = Debug|Any CPU
		{2967753F-8515-4153-B10A-123F71444B91}.Release|Any CPU.ActiveCfg = Release|Any CPU
		{2967753F-8515-4153-B10A-123F71444B91}.Release|Any CPU.Build.0 = Release|Any CPU
	EndGlobalSection
	GlobalSection(SolutionProperties) = preSolution
		HideSolutionNode = FALSE
	EndGlobalSection
	GlobalSection(NestedProjects) = preSolution
		{AF925FB4-DCCB-43D7-A770-005DDE05165C} = {8DE97289-D6F2-4F05-8817-C5C7E1DFC1B3}
		{8DE97289-D6F2-4F05-8817-C5C7E1DFC1B3} = {FC19AF11-7850-4D56-9E1A-5BC4B774BF68}
		{1BEA94BE-11B7-484A-B3FC-C5E354835150} = {FC19AF11-7850-4D56-9E1A-5BC4B774BF68}
		{6CAE7FB6-BB8A-40A2-B289-67C5BEDDED50} = {FC19AF11-7850-4D56-9E1A-5BC4B774BF68}
		{B7D3336F-FD79-4F02-BFDF-93A396DE685A} = {1BEA94BE-11B7-484A-B3FC-C5E354835150}
		{C53E37F5-B8F4-4E3A-A8D5-4257A0DC88AB} = {1BEA94BE-11B7-484A-B3FC-C5E354835150}
		{D9AAF350-8677-4A2D-801E-57D5B5856149} = {1BEA94BE-11B7-484A-B3FC-C5E354835150}
		{290B71AF-D9AC-45EB-92B9-0CD3FE41C176} = {6CAE7FB6-BB8A-40A2-B289-67C5BEDDED50}
		{8EC3DF2A-BE3F-4A82-89EE-8A17D3255876} = {6CAE7FB6-BB8A-40A2-B289-67C5BEDDED50}
		{EAD9AEAC-08E9-4626-8BA0-801F5A83B967} = {FC19AF11-7850-4D56-9E1A-5BC4B774BF68}
		{2967753F-8515-4153-B10A-123F71444B91} = {EAD9AEAC-08E9-4626-8BA0-801F5A83B967}
	EndGlobalSection
	GlobalSection(ExtensibilityGlobals) = postSolution
		SolutionGuid = {D2C13017-217D-4EB0-8193-A119496B09F9}
	EndGlobalSection
EndGlobal
